Microsoft Visual Studio Solution File, Format Version 12.00
# Visual Studio Version 17
VisualStudioVersion = 17.0.31903.59
MinimumVisualStudioVersion = 10.0.40219.1
Project("{9A19103F-16F7-4668-BE54-9A1E7A4F7556}") = "BaiduBackup", "BaiduBackup.csproj", "{B2F4E8A1-C3D5-4E7F-9A2B-1C4D6E8F9A0B}"
EndProject
Global
	GlobalSection(SolutionConfigurationPlatforms) = preSolution
		Debug|Any CPU = Debug|Any CPU
		Release|Any CPU = Release|Any CPU
	EndGlobalSection
	GlobalSection(ProjectConfigurationPlatforms) = postSolution
		{B2F4E8A1-C3D5-4E7F-9A2B-1C4D6E8F9A0B}.Debug|Any CPU.ActiveCfg = Debug|Any CPU
		{B2F4E8A1-C3D5-4E7F-9A2B-1C4D6E8F9A0B}.Debug|Any CPU.Build.0 = Debug|Any CPU
		{B2F4E8A1-C3D5-4E7F-9A2B-1C4D6E8F9A0B}.Release|Any CPU.ActiveCfg = Release|Any CPU
		{B2F4E8A1-C3D5-4E7F-9A2B-1C4D6E8F9A0B}.Release|Any CPU.Build.0 = Release|Any CPU
	EndGlobalSection
	GlobalSection(SolutionProperties) = preSolution
		HideSolutionNode = FALSE
	EndGlobalSection
	GlobalSection(ExtensibilityGlobals) = postSolution
		SolutionGuid = {F8E4A2B1-C5D7-4E9F-A3B2-1C5D7E9F0A1C}
	EndGlobalSection
EndGlobal